
Microsoft Visual Studio Solution File, Format Version 12.00
# Visual Studio Version 17
VisualStudioVersion = 17.0.31903.59
MinimumVisualStudioVersion = 10.0.40219.1
Project("{FAE04EC0-301F-11D3-BF4B-00C04F79EFBC}") = "CalculatorConsoleApp", "CalculatorConsoleApp\CalculatorConsoleApp.csproj", "{46026A7A-C250-4FC3-ADF6-F11E61240964}"
EndProject
Project("{FAE04EC0-301F-11D3-BF4B-00C04F79EFBC}") = "CalculatorConsoleApp.Tests", "CalculatorConsoleApp.Tests\CalculatorConsoleApp.Tests.csproj", "{5AFDF92F-DB60-4F07-8998-277075FAA1AA}"
EndProject
Global
	GlobalSection(SolutionConfigurationPlatforms) = preSolution
		Debug|Any CPU = Debug|Any CPU
		Debug|x64 = Debug|x64
		Debug|x86 = Debug|x86
		Release|Any CPU = Release|Any CPU
		Release|x64 = Release|x64
		Release|x86 = Release|x86
	EndGlobalSection
	GlobalSection(ProjectConfigurationPlatforms) = postSolution
		{46026A7A-C250-4FC3-ADF6-F11E61240964}.Debug|Any CPU.ActiveCfg = Debug|Any CPU
		{46026A7A-C250-4FC3-ADF6-F11E61240964}.Debug|Any CPU.Build.0 = Debug|Any CPU
		{46026A7A-C250-4FC3-ADF6-F11E61240964}.Debug|x64.ActiveCfg = Debug|Any CPU
		{46026A7A-C250-4FC3-ADF6-F11E61240964}.Debug|x64.Build.0 = Debug|Any CPU
		{46026A7A-C250-4FC3-ADF6-F11E61240964}.Debug|x86.ActiveCfg = Debug|Any CPU
		{46026A7A-C250-4FC3-ADF6-F11E61240964}.Debug|x86.Build.0 = Debug|Any CPU
		{46026A7A-C250-4FC3-ADF6-F11E61240964}.Release|Any CPU.ActiveCfg = Release|Any CPU
		{46026A7A-C250-4FC3-ADF6-F11E61240964}.Release|Any CPU.Build.0 = Release|Any CPU
		{46026A7A-C250-4FC3-ADF6-F11E61240964}.Release|x64.ActiveCfg = Release|Any CPU
		{46026A7A-C250-4FC3-ADF6-F11E61240964}.Release|x64.Build.0 = Release|Any CPU
		{46026A7A-C250-4FC3-ADF6-F11E61240964}.Release|x86.ActiveCfg = Release|Any CPU
		{46026A7A-C250-4FC3-ADF6-F11E61240964}.Release|x86.Build.0 = Release|Any CPU
		{5AFDF92F-DB60-4F07-8998-277075FAA1AA}.Debug|Any CPU.ActiveCfg = Debug|Any CPU
		{5AFDF92F-DB60-4F07-8998-277075FAA1AA}.Debug|Any CPU.Build.0 = Debug|Any CPU
		{5AFDF92F-DB60-4F07-8998-277075FAA1AA}.Debug|x64.ActiveCfg = Debug|Any CPU
		{5AFDF92F-DB60-4F07-8998-277075FAA1AA}.Debug|x64.Build.0 = Debug|Any CPU
		{5AFDF92F-DB60-4F07-8998-277075FAA1AA}.Debug|x86.ActiveCfg = Debug|Any CPU
		{5AFDF92F-DB60-4F07-8998-277075FAA1AA}.Debug|x86.Build.0 = Debug|Any CPU
		{5AFDF92F-DB60-4F07-8998-277075FAA1AA}.Release|Any CPU.ActiveCfg = Release|Any CPU
		{5AFDF92F-DB60-4F07-8998-277075FAA1AA}.Release|Any CPU.Build.0 = Release|Any CPU
		{5AFDF92F-DB60-4F07-8998-277075FAA1AA}.Release|x64.ActiveCfg = Release|Any CPU
		{5AFDF92F-DB60-4F07-8998-277075FAA1AA}.Release|x64.Build.0 = Release|Any CPU
		{5AFDF92F-DB60-4F07-8998-277075FAA1AA}.Release|x86.ActiveCfg = Release|Any CPU
		{5AFDF92F-DB60-4F07-8998-277075FAA1AA}.Release|x86.Build.0 = Release|Any CPU
	EndGlobalSection
	GlobalSection(SolutionProperties) = preSolution
		HideSolutionNode = FALSE
	EndGlobalSection
EndGlobal
